// !$*UTF8*$!
{
	archiveVersion = 1;
	classes = {
	};
	objectVersion = 48;
	objects = {

/* Begin PBXBuildFile section */
		ECA2FD382088E3D4002BF9CF /* Swinject.framework in Frameworks */ = {isa = PBXBuildFile; fileRef = ECA2FD362088E3D4002BF9CF /* Swinject.framework */; };
		ECA2FD392088E3D4002BF9CF /* SwinjectStoryboard.framework in Frameworks */ = {isa = PBXBuildFile; fileRef = ECA2FD372088E3D4002BF9CF /* SwinjectStoryboard.framework */; };
		ECA2FD3F2088E65D002BF9CF /* UserLocationService.swift in Sources */ = {isa = PBXBuildFile; fileRef = ECA2FD3D2088E65D002BF9CF /* UserLocationService.swift */; };
		ECA2FD402088E65D002BF9CF /* SemaphoreClass.swift in Sources */ = {isa = PBXBuildFile; fileRef = ECA2FD3E2088E65D002BF9CF /* SemaphoreClass.swift */; };
		ECCB0415208798E6001B55A3 /* AppDelegate.swift in Sources */ = {isa = PBXBuildFile; fileRef = ECCB0414208798E6001B55A3 /* AppDelegate.swift */; };
		ECCB0417208798E6001B55A3 /* ViewController.swift in Sources */ = {isa = PBXBuildFile; fileRef = ECCB0416208798E6001B55A3 /* ViewController.swift */; };
		ECCB041A208798E6001B55A3 /* Main.storyboard in Resources */ = {isa = PBXBuildFile; fileRef = ECCB0418208798E6001B55A3 /* Main.storyboard */; };
		ECCB041C208798E6001B55A3 /* Assets.xcassets in Resources */ = {isa = PBXBuildFile; fileRef = ECCB041B208798E6001B55A3 /* Assets.xcassets */; };
		ECCB041F208798E6001B55A3 /* LaunchScreen.storyboard in Resources */ = {isa = PBXBuildFile; fileRef = ECCB041D208798E6001B55A3 /* LaunchScreen.storyboard */; };
/* End PBXBuildFile section */

/* Begin PBXFileReference section */
		ECA2FD362088E3D4002BF9CF /* Swinject.framework */ = {isa = PBXFileReference; lastKnownFileType = wrapper.framework; name = Swinject.framework; path = ../Carthage/Build/iOS/Swinject.framework; sourceTree = "<group>"; };
		ECA2FD372088E3D4002BF9CF /* SwinjectStoryboard.framework */ = {isa = PBXFileReference; lastKnownFileType = wrapper.framework; name = SwinjectStoryboard.framework; path = ../Carthage/Build/iOS/SwinjectStoryboard.framework; sourceTree = "<group>"; };
		ECA2FD3D2088E65D002BF9CF /* UserLocationService.swift */ = {isa = PBXFileReference; fileEncoding = 4; lastKnownFileType = sourcecode.swift; name = UserLocationService.swift; path = Utility/UserLocationService.swift; sourceTree = "<group>"; };
		ECA2FD3E2088E65D002BF9CF /* SemaphoreClass.swift */ = {isa = PBXFileReference; fileEncoding = 4; lastKnownFileType = sourcecode.swift; name = SemaphoreClass.swift; path = Utility/SemaphoreClass.swift; sourceTree = "<group>"; };
		ECCB0411208798E6001B55A3 /* iOSShare.app */ = {isa = PBXFileReference; explicitFileType = wrapper.application; includeInIndex = 0; path = iOSShare.app; sourceTree = BUILT_PRODUCTS_DIR; };
		ECCB0414208798E6001B55A3 /* AppDelegate.swift */ = {isa = PBXFileReference; lastKnownFileType = sourcecode.swift; path = AppDelegate.swift; sourceTree = "<group>"; };
		ECCB0416208798E6001B55A3 /* ViewController.swift */ = {isa = PBXFileReference; lastKnownFileType = sourcecode.swift; path = ViewController.swift; sourceTree = "<group>"; };
		ECCB0419208798E6001B55A3 /* Base */ = {isa = PBXFileReference; lastKnownFileType = file.storyboard; name = Base; path = Base.lproj/Main.storyboard; sourceTree = "<group>"; };
		ECCB041B208798E6001B55A3 /* Assets.xcassets */ = {isa = PBXFileReference; lastKnownFileType = folder.assetcatalog; path = Assets.xcassets; sourceTree = "<group>"; };
		ECCB041E208798E6001B55A3 /* Base */ = {isa = PBXFileReference; lastKnownFileType = file.storyboard; name = Base; path = Base.lproj/LaunchScreen.storyboard; sourceTree = "<group>"; };
		ECCB0420208798E6001B55A3 /* Info.plist */ = {isa = PBXFileReference; lastKnownFileType = text.plist.xml; path = Info.plist; sourceTree = "<group>"; };
/* End PBXFileReference section */

/* Begin PBXFrameworksBuildPhase section */
		ECCB040E208798E6001B55A3 /* Frameworks */ = {
			isa = PBXFrameworksBuildPhase;
			buildActionMask = 2147483647;
			files = (
				ECA2FD382088E3D4002BF9CF /* Swinject.framework in Frameworks */,
				ECA2FD392088E3D4002BF9CF /* SwinjectStoryboard.framework in Frameworks */,
			);
			runOnlyForDeploymentPostprocessing = 0;
		};
/* End PBXFrameworksBuildPhase section */

/* Begin PBXGroup section */
		ECA2FD352088E3D3002BF9CF /* Frameworks */ = {
			isa = PBXGroup;
			children = (
				ECA2FD362088E3D4002BF9CF /* Swinject.framework */,
				ECA2FD372088E3D4002BF9CF /* SwinjectStoryboard.framework */,
			);
			name = Frameworks;
			sourceTree = "<group>";
		};
		ECA2FD3C2088E641002BF9CF /* Utility */ = {
			isa = PBXGroup;
			children = (
				ECA2FD3E2088E65D002BF9CF /* SemaphoreClass.swift */,
				ECA2FD3D2088E65D002BF9CF /* UserLocationService.swift */,
			);
			name = Utility;
			sourceTree = "<group>";
		};
		ECCB0408208798E6001B55A3 = {
			isa = PBXGroup;
			children = (
				ECCB0413208798E6001B55A3 /* iOSShare */,
				ECCB0412208798E6001B55A3 /* Products */,
				ECA2FD352088E3D3002BF9CF /* Frameworks */,
			);
			sourceTree = "<group>";
		};
		ECCB0412208798E6001B55A3 /* Products */ = {
			isa = PBXGroup;
			children = (
				ECCB0411208798E6001B55A3 /* iOSShare.app */,
			);
			name = Products;
			sourceTree = "<group>";
		};
		ECCB0413208798E6001B55A3 /* iOSShare */ = {
			isa = PBXGroup;
			children = (
				ECA2FD3C2088E641002BF9CF /* Utility */,
				ECCB0414208798E6001B55A3 /* AppDelegate.swift */,
				ECCB0416208798E6001B55A3 /* ViewController.swift */,
				ECCB0418208798E6001B55A3 /* Main.storyboard */,
				ECCB041B208798E6001B55A3 /* Assets.xcassets */,
				ECCB041D208798E6001B55A3 /* LaunchScreen.storyboard */,
				ECCB0420208798E6001B55A3 /* Info.plist */,
			);
			path = iOSShare;
			sourceTree = "<group>";
		};
/* End PBXGroup section */

/* Begin PBXNativeTarget section */
		ECCB0410208798E6001B55A3 /* iOSShare */ = {
			isa = PBXNativeTarget;
			buildConfigurationList = ECCB0423208798E6001B55A3 /* Build configuration list for PBXNativeTarget "iOSShare" */;
			buildPhases = (
				ECCB040D208798E6001B55A3 /* Sources */,
				ECCB040E208798E6001B55A3 /* Frameworks */,
				ECCB040F208798E6001B55A3 /* Resources */,
			);
			buildRules = (
			);
			dependencies = (
			);
			name = iOSShare;
			productName = iOSShare;
			productReference = ECCB0411208798E6001B55A3 /* iOSShare.app */;
			productType = "com.apple.product-type.application";
		};
/* End PBXNativeTarget section */

/* Begin PBXProject section */
		ECCB0409208798E6001B55A3 /* Project object */ = {
			isa = PBXProject;
			attributes = {
				LastSwiftUpdateCheck = 0920;
				LastUpgradeCheck = 0920;
				ORGANIZATIONNAME = GodShare;
				TargetAttributes = {
					ECCB0410208798E6001B55A3 = {
						CreatedOnToolsVersion = 9.2;
						ProvisioningStyle = Automatic;
					};
				};
			};
			buildConfigurationList = ECCB040C208798E6001B55A3 /* Build configuration list for PBXProject "iOSShare" */;
			compatibilityVersion = "Xcode 8.0";
			developmentRegion = en;
			hasScannedForEncodings = 0;
			knownRegions = (
				en,
				Base,
			);
			mainGroup = ECCB0408208798E6001B55A3;
			productRefGroup = ECCB0412208798E6001B55A3 /* Products */;
			projectDirPath = "";
			projectRoot = "";
			targets = (
				ECCB0410208798E6001B55A3 /* iOSShare */,
			);
		};
/* End PBXProject section */

/* Begin PBXResourcesBuildPhase section */
		ECCB040F208798E6001B55A3 /* Resources */ = {
			isa = PBXResourcesBuildPhase;
			buildActionMask = 2147483647;
			files = (
				ECCB041F208798E6001B55A3 /* LaunchScreen.storyboard in Resources */,
				ECCB041C208798E6001B55A3 /* Assets.xcassets in Resources */,
				ECCB041A208798E6001B55A3 /* Main.storyboard in Resources */,
			);
			runOnlyForDeploymentPostprocessing = 0;
		};
/* End PBXResourcesBuildPhase section */

/* Begin PBXSourcesBuildPhase section */
		ECCB040D208798E6001B55A3 /* Sources */ = {
			isa = PBXSourcesBuildPhase;
			buildActionMask = 2147483647;
			files = (
				ECA2FD3F2088E65D002BF9CF /* UserLocationService.swift in Sources */,
				ECA2FD402088E65D002BF9CF /* SemaphoreClass.swift in Sources */,
				ECCB0417208798E6001B55A3 /* ViewController.swift in Sources */,
				ECCB0415208798E6001B55A3 /* AppDelegate.swift in Sources */,
			);
			runOnlyForDeploymentPostprocessing = 0;
		};
/* End PBXSourcesBuildPhase section */

/* Begin PBXVariantGroup section */
		ECCB0418208798E6001B55A3 /* Main.storyboard */ = {
			isa = PBXVariantGroup;
			children = (
				ECCB0419208798E6001B55A3 /* Base */,
			);
			name = Main.storyboard;
			sourceTree = "<group>";
		};
		ECCB041D208798E6001B55A3 /* LaunchScreen.storyboard */ = {
			isa = PBXVariantGroup;
			children = (
				ECCB041E208798E6001B55A3 /* Base */,
			);
			name = LaunchScreen.storyboard;
			sourceTree = "<group>";
		};
/* End PBXVariantGroup section */

/* Begin XCBuildConfiguration section */
		ECCB0421208798E6001B55A3 /* Debug */ = {
			isa = XCBuildConfiguration;
			buildSettings = {
				ALWAYS_SEARCH_USER_PATHS = NO;
				CLANG_ANALYZER_NONNULL = YES;
				CLANG_ANALYZER_NUMBER_OBJECT_CONVERSION = YES_AGGRESSIVE;
				CLANG_CXX_LANGUAGE_STANDARD = "gnu++14";
				CLANG_CXX_LIBRARY = "libc++";
				CLANG_ENABLE_MODULES = YES;
				CLANG_ENABLE_OBJC_ARC = YES;
				CLANG_WARN_BLOCK_CAPTURE_AUTORELEASING = YES;
				CLANG_WARN_BOOL_CONVERSION = YES;
				CLANG_WARN_COMMA = YES;
				CLANG_WARN_CONSTANT_CONVERSION = YES;
				CLANG_WARN_DIRECT_OBJC_ISA_USAGE = YES_ERROR;
				CLANG_WARN_DOCUMENTATION_COMMENTS = YES;
				CLANG_WARN_EMPTY_BODY = YES;
				CLANG_WARN_ENUM_CONVERSION = YES;
				CLANG_WARN_INFINITE_RECURSION = YES;
				CLANG_WARN_INT_CONVERSION = YES;
				CLANG_WARN_NON_LITERAL_NULL_CONVERSION = YES;
				CLANG_WARN_OBJC_LITERAL_CONVERSION = YES;
				CLANG_WARN_OBJC_ROOT_CLASS = YES_ERROR;
				CLANG_WARN_RANGE_LOOP_ANALYSIS = YES;
				CLANG_WARN_STRICT_PROTOTYPES = YES;
				CLANG_WARN_SUSPICIOUS_MOVE = YES;
				CLANG_WARN_UNGUARDED_AVAILABILITY = YES_AGGRESSIVE;
				CLANG_WARN_UNREACHABLE_CODE = YES;
				CLANG_WARN__DUPLICATE_METHOD_MATCH = YES;
				CODE_SIGN_IDENTITY = "iPhone Developer";
				COPY_PHASE_STRIP = NO;
				DEBUG_INFORMATION_FORMAT = dwarf;
				ENABLE_STRICT_OBJC_MSGSEND = YES;
				ENABLE_TESTABILITY = YES;
				GCC_C_LANGUAGE_STANDARD = gnu11;
				GCC_DYNAMIC_NO_PIC = NO;
				GCC_NO_COMMON_BLOCKS = YES;
				GCC_OPTIMIZATION_LEVEL = 0;
				GCC_PREPROCESSOR_DEFINITIONS = (
					"DEBUG=1",
					"$(inherited)",
				);
				GCC_WARN_64_TO_32_BIT_CONVERSION = YES;
				GCC_WARN_ABOUT_RETURN_TYPE = YES_ERROR;
				GCC_WARN_UNDECLARED_SELECTOR = YES;
				GCC_WARN_UNINITIALIZED_AUTOS = YES_AGGRESSIVE;
				GCC_WARN_UNUSED_FUNCTION = YES;
				GCC_WARN_UNUSED_VARIABLE = YES;
				IPHONEOS_DEPLOYMENT_TARGET = 11.2;
				MTL_ENABLE_DEBUG_INFO = YES;
				ONLY_ACTIVE_ARCH = YES;
				SDKROOT = iphoneos;
				SWIFT_ACTIVE_COMPILATION_CONDITIONS = DEBUG;
				SWIFT_OPTIMIZATION_LEVEL = "-Onone";
			};
			name = Debug;
		};
		ECCB0422208798E6001B55A3 /* Release */ = {
			isa = XCBuildConfiguration;
			buildSettings = {
				ALWAYS_SEARCH_USER_PATHS = NO;
				CLANG_ANALYZER_NONNULL = YES;
				CLANG_ANALYZER_NUMBER_OBJECT_CONVERSION = YES_AGGRESSIVE;
				CLANG_CXX_LANGUAGE_STANDARD = "gnu++14";
				CLANG_CXX_LIBRARY = "libc++";
				CLANG_ENABLE_MODULES = YES;
				CLANG_ENABLE_OBJC_ARC = YES;
				CLANG_WARN_BLOCK_CAPTURE_AUTORELEASING = YES;
				CLANG_WARN_BOOL_CONVERSION = YES;
				CLANG_WARN_COMMA = YES;
				CLANG_WARN_CONSTANT_CONVERSION = YES;
				CLANG_WARN_DIRECT_OBJC_ISA_USAGE = YES_ERROR;
				CLANG_WARN_DOCUMENTATION_COMMENTS = YES;
				CLANG_WARN_EMPTY_BODY = YES;
				CLANG_WARN_ENUM_CONVERSION = YES;
				CLANG_WARN_INFINITE_RECURSION = YES;
				CLANG_WARN_INT_CONVERSION = YES;
				CLANG_WARN_NON_LITERAL_NULL_CONVERSION = YES;
				CLANG_WARN_OBJC_LITERAL_CONVERSION = YES;
				CLANG_WARN_OBJC_ROOT_CLASS = YES_ERROR;
				CLANG_WARN_RANGE_LOOP_ANALYSIS = YES;
				CLANG_WARN_STRICT_PROTOTYPES = YES;
				CLANG_WARN_SUSPICIOUS_MOVE = YES;
				CLANG_WARN_UNGUARDED_AVAILABILITY = YES_AGGRESSIVE;
				CLANG_WARN_UNREACHABLE_CODE = YES;
				CLANG_WARN__DUPLICATE_METHOD_MATCH = YES;
				CODE_SIGN_IDENTITY = "iPhone Developer";
				COPY_PHASE_STRIP = NO;
				DEBUG_INFORMATION_FORMAT = "dwarf-with-dsym";
				ENABLE_NS_ASSERTIONS = NO;
				ENABLE_STRICT_OBJC_MSGSEND = YES;
				GCC_C_LANGUAGE_STANDARD = gnu11;
				GCC_NO_COMMON_BLOCKS = YES;
				GCC_WARN_64_TO_32_BIT_CONVERSION = YES;
				GCC_WARN_ABOUT_RETURN_TYPE = YES_ERROR;
				GCC_WARN_UNDECLARED_SELECTOR = YES;
				GCC_WARN_UNINITIALIZED_AUTOS = YES_AGGRESSIVE;
				GCC_WARN_UNUSED_FUNCTION = YES;
				GCC_WARN_UNUSED_VARIABLE = YES;
				IPHONEOS_DEPLOYMENT_TARGET = 11.2;
				MTL_ENABLE_DEBUG_INFO = NO;
				SDKROOT = iphoneos;
				SWIFT_OPTIMIZATION_LEVEL = "-Owholemodule";
				VALIDATE_PRODUCT = YES;
			};
			name = Release;
		};
		ECCB0424208798E6001B55A3 /* Debug */ = {
			isa = XCBuildConfiguration;
			buildSettings = {
				ASSETCATALOG_COMPILER_APPICON_NAME = AppIcon;
				CODE_SIGN_STYLE = Automatic;
				DEVELOPMENT_TEAM = 423BD5YT6V;
				INFOPLIST_FILE = iOSShare/Info.plist;
				LD_RUNPATH_SEARCH_PATHS = "$(inherited) @executable_path/Frameworks";
				PRODUCT_BUNDLE_IDENTIFIER = GodShare.iOSShare;
				PRODUCT_NAME = "$(TARGET_NAME)";
				SWIFT_VERSION = 4.0;
				TARGETED_DEVICE_FAMILY = "1,2";
			};
			name = Debug;
		};
		ECCB0425208798E6001B55A3 /* Release */ = {
			isa = XCBuildConfiguration;
			buildSettings = {
				ASSETCATALOG_COMPILER_APPICON_NAME = AppIcon;
				CODE_SIGN_STYLE = Automatic;
				DEVELOPMENT_TEAM = 423BD5YT6V;
				INFOPLIST_FILE = iOSShare/Info.plist;
				LD_RUNPATH_SEARCH_PATHS = "$(inherited) @executable_path/Frameworks";
				PRODUCT_BUNDLE_IDENTIFIER = GodShare.iOSShare;
				PRODUCT_NAME = "$(TARGET_NAME)";
				SWIFT_VERSION = 4.0;
				TARGETED_DEVICE_FAMILY = "1,2";
			};
			name = Release;
		};
/* End XCBuildConfiguration section */

/* Begin XCConfigurationList section */
		ECCB040C208798E6001B55A3 /* Build configuration list for PBXProject "iOSShare" */ = {
			isa = XCConfigurationList;
			buildConfigurations = (
				ECCB0421208798E6001B55A3 /* Debug */,
				ECCB0422208798E6001B55A3 /* Release */,
			);
			defaultConfigurationIsVisible = 0;
			defaultConfigurationName = Release;
		};
		ECCB0423208798E6001B55A3 /* Build configuration list for PBXNativeTarget "iOSShare" */ = {
			isa = XCConfigurationList;
			buildConfigurations = (
				ECCB0424208798E6001B55A3 /* Debug */,
				ECCB0425208798E6001B55A3 /* Release */,
			);
			defaultConfigurationIsVisible = 0;
			defaultConfigurationName = Release;
		};
/* End XCConfigurationList section */
	};
	rootObject = ECCB0409208798E6001B55A3 /* Project object */;
}
